
Microsoft Visual Studio Solution File, Format Version 12.00
# Visual Studio Version 17
VisualStudioVersion = 17.2.32602.215
MinimumVisualStudioVersion = 10.0.40219.1
Project("{FAE04EC0-301F-11D3-BF4B-00C04F79EFBC}") = "CONNECT API TO DB", "CONNECT API TO DB.csproj", "{3EF2A548-3201-4D0E-8EFF-3BD9198D0FE0}"
EndProject
Project("{FAE04EC0-301F-11D3-BF4B-00C04F79EFBC}") = "API", "API\API.csproj", "{91D021CF-1681-4EEA-8AAA-7E45E84B6C06}"
EndProject
Global
	GlobalSection(SolutionConfigurationPlatforms) = preSolution
		Debug|Any CPU = Debug|Any CPU
		Release|Any CPU = Release|Any CPU
	EndGlobalSection
	GlobalSection(ProjectConfigurationPlatforms) = postSolution
		{3EF2A548-3201-4D0E-8EFF-3BD9198D0FE0}.Debug|Any CPU.ActiveCfg = Debug|Any CPU
		{3EF2A548-3201-4D0E-8EFF-3BD9198D0FE0}.Debug|Any CPU.Build.0 = Debug|Any CPU
		{3EF2A548-3201-4D0E-8EFF-3BD9198D0FE0}.Release|Any CPU.ActiveCfg = Release|Any CPU
		{3EF2A548-3201-4D0E-8EFF-3BD9198D0FE0}.Release|Any CPU.Build.0 = Release|Any CPU
		{91D021CF-1681-4EEA-8AAA-7E45E84B6C06}.Debug|Any CPU.ActiveCfg = Debug|Any CPU
		{91D021CF-1681-4EEA-8AAA-7E45E84B6C06}.Debug|Any CPU.Build.0 = Debug|Any CPU
		{91D021CF-1681-4EEA-8AAA-7E45E84B6C06}.Release|Any CPU.ActiveCfg = Release|Any CPU
		{91D021CF-1681-4EEA-8AAA-7E45E84B6C06}.Release|Any CPU.Build.0 = Release|Any CPU
	EndGlobalSection
	GlobalSection(SolutionProperties) = preSolution
		HideSolutionNode = FALSE
	EndGlobalSection
	GlobalSection(ExtensibilityGlobals) = postSolution
		SolutionGuid = {245960C8-D6AC-4483-9382-02DF9B423AD3}
	EndGlobalSection
EndGlobal
