
Microsoft Visual Studio Solution File, Format Version 12.00
# Visual Studio Version 17
VisualStudioVersion = 17.2.32602.215
MinimumVisualStudioVersion = 10.0.40219.1
Project("{FAE04EC0-301F-11D3-BF4B-00C04F79EFBC}") = "CONNECT API TO DB", "CONNECT API TO DB.csproj", "{80E2E8A4-6433-4EF8-B690-8C0C2FDE58C0}"
EndProject
Project("{FAE04EC0-301F-11D3-BF4B-00C04F79EFBC}") = "API", "API\API.csproj", "{65462414-76DD-4F60-8FB6-C751AEA92649}"
EndProject
Global
	GlobalSection(SolutionConfigurationPlatforms) = preSolution
		Debug|Any CPU = Debug|Any CPU
		Release|Any CPU = Release|Any CPU
	EndGlobalSection
	GlobalSection(ProjectConfigurationPlatforms) = postSolution
		{80E2E8A4-6433-4EF8-B690-8C0C2FDE58C0}.Debug|Any CPU.ActiveCfg = Debug|Any CPU
		{80E2E8A4-6433-4EF8-B690-8C0C2FDE58C0}.Debug|Any CPU.Build.0 = Debug|Any CPU
		{80E2E8A4-6433-4EF8-B690-8C0C2FDE58C0}.Release|Any CPU.ActiveCfg = Release|Any CPU
		{80E2E8A4-6433-4EF8-B690-8C0C2FDE58C0}.Release|Any CPU.Build.0 = Release|Any CPU
		{65462414-76DD-4F60-8FB6-C751AEA92649}.Debug|Any CPU.ActiveCfg = Debug|Any CPU
		{65462414-76DD-4F60-8FB6-C751AEA92649}.Debug|Any CPU.Build.0 = Debug|Any CPU
		{65462414-76DD-4F60-8FB6-C751AEA92649}.Release|Any CPU.ActiveCfg = Release|Any CPU
		{65462414-76DD-4F60-8FB6-C751AEA92649}.Release|Any CPU.Build.0 = Release|Any CPU
	EndGlobalSection
	GlobalSection(SolutionProperties) = preSolution
		HideSolutionNode = FALSE
	EndGlobalSection
	GlobalSection(ExtensibilityGlobals) = postSolution
		SolutionGuid = {669D353E-3C38-46BD-A965-99A90926FE73}
	EndGlobalSection
EndGlobal
